
Microsoft Visual Studio Solution File, Format Version 12.00
# Visual Studio 15
VisualStudioVersion = 15.0.26430.6
MinimumVisualStudioVersion = 10.0.40219.1
Project("{FAE04EC0-301F-11D3-BF4B-00C04F79EFBC}") = "Platinium", "Platinium\Platinium.csproj", "{9AC9C29D-E25F-4004-AE8B-5759FC6D869E}"
EndProject
Project("{FAE04EC0-301F-11D3-BF4B-00C04F79EFBC}") = "Platinium.Server", "PlatiniumServer\Platinium.Server.csproj", "{FEDAA932-3BF3-4965-B00B-D9BB261091F6}"
EndProject
Project("{FAE04EC0-301F-11D3-BF4B-00C04F79EFBC}") = "Platinium.Client", "PlatiniumClient\Platinium.Client.csproj", "{8BDA63D2-EA9C-46B4-A748-9F67188409E6}"
EndProject
Project("{FAE04EC0-301F-11D3-BF4B-00C04F79EFBC}") = "Platinium.Master", "PlatiniumMaster\Platinium.Master.csproj", "{1A4FE851-9857-45D9-AACA-B3EF2831AA9F}"
EndProject
Project("{FAE04EC0-301F-11D3-BF4B-00C04F79EFBC}") = "PluginTest", "PluginTest\PluginTest.csproj", "{D778D9AE-CD0A-4243-AECC-4A0381FFCF96}"
EndProject
Project("{FAE04EC0-301F-11D3-BF4B-00C04F79EFBC}") = "Platinium.MasterWF", "PlatiniumMasterWF\Platinium.MasterWF.csproj", "{4E3785C9-D35E-4CFD-9162-7323289ACF8B}"
EndProject
Project("{FAE04EC0-301F-11D3-BF4B-00C04F79EFBC}") = "Platinium.Contracts", "Platinium.Contracts\Platinium.Contracts.csproj", "{0CBB00DC-5C65-4FE1-A974-95F4E517B737}"
EndProject
Project("{FAE04EC0-301F-11D3-BF4B-00C04F79EFBC}") = "PluginInterface", "PluginInterface\PluginInterface.csproj", "{BDD43EC5-C782-4170-8B0F-DF1A1D77C958}"
EndProject
Project("{FAE04EC0-301F-11D3-BF4B-00C04F79EFBC}") = "PluginHost", "PluginHost\PluginHost.csproj", "{EF6B16B9-6A03-4F56-8F36-790E8AB69D46}"
EndProject
Global
	GlobalSection(SolutionConfigurationPlatforms) = preSolution
		Debug|Any CPU = Debug|Any CPU
		Release|Any CPU = Release|Any CPU
	EndGlobalSection
	GlobalSection(ProjectConfigurationPlatforms) = postSolution
		{9AC9C29D-E25F-4004-AE8B-5759FC6D869E}.Debug|Any CPU.ActiveCfg = Debug|Any CPU
		{9AC9C29D-E25F-4004-AE8B-5759FC6D869E}.Debug|Any CPU.Build.0 = Debug|Any CPU
		{9AC9C29D-E25F-4004-AE8B-5759FC6D869E}.Release|Any CPU.ActiveCfg = Release|Any CPU
		{9AC9C29D-E25F-4004-AE8B-5759FC6D869E}.Release|Any CPU.Build.0 = Release|Any CPU
		{FEDAA932-3BF3-4965-B00B-D9BB261091F6}.Debug|Any CPU.ActiveCfg = Debug|Any CPU
		{FEDAA932-3BF3-4965-B00B-D9BB261091F6}.Debug|Any CPU.Build.0 = Debug|Any CPU
		{FEDAA932-3BF3-4965-B00B-D9BB261091F6}.Release|Any CPU.ActiveCfg = Release|Any CPU
		{FEDAA932-3BF3-4965-B00B-D9BB261091F6}.Release|Any CPU.Build.0 = Release|Any CPU
		{8BDA63D2-EA9C-46B4-A748-9F67188409E6}.Debug|Any CPU.ActiveCfg = Debug|Any CPU
		{8BDA63D2-EA9C-46B4-A748-9F67188409E6}.Debug|Any CPU.Build.0 = Debug|Any CPU
		{8BDA63D2-EA9C-46B4-A748-9F67188409E6}.Release|Any CPU.ActiveCfg = Release|Any CPU
		{8BDA63D2-EA9C-46B4-A748-9F67188409E6}.Release|Any CPU.Build.0 = Release|Any CPU
		{1A4FE851-9857-45D9-AACA-B3EF2831AA9F}.Debug|Any CPU.ActiveCfg = Debug|Any CPU
		{1A4FE851-9857-45D9-AACA-B3EF2831AA9F}.Debug|Any CPU.Build.0 = Debug|Any CPU
		{1A4FE851-9857-45D9-AACA-B3EF2831AA9F}.Release|Any CPU.ActiveCfg = Release|Any CPU
		{1A4FE851-9857-45D9-AACA-B3EF2831AA9F}.Release|Any CPU.Build.0 = Release|Any CPU
		{D778D9AE-CD0A-4243-AECC-4A0381FFCF96}.Debug|Any CPU.ActiveCfg = Debug|Any CPU
		{D778D9AE-CD0A-4243-AECC-4A0381FFCF96}.Debug|Any CPU.Build.0 = Debug|Any CPU
		{D778D9AE-CD0A-4243-AECC-4A0381FFCF96}.Release|Any CPU.ActiveCfg = Release|Any CPU
		{D778D9AE-CD0A-4243-AECC-4A0381FFCF96}.Release|Any CPU.Build.0 = Release|Any CPU
		{4E3785C9-D35E-4CFD-9162-7323289ACF8B}.Debug|Any CPU.ActiveCfg = Debug|Any CPU
		{4E3785C9-D35E-4CFD-9162-7323289ACF8B}.Debug|Any CPU.Build.0 = Debug|Any CPU
		{4E3785C9-D35E-4CFD-9162-7323289ACF8B}.Release|Any CPU.ActiveCfg = Release|Any CPU
		{4E3785C9-D35E-4CFD-9162-7323289ACF8B}.Release|Any CPU.Build.0 = Release|Any CPU
		{0CBB00DC-5C65-4FE1-A974-95F4E517B737}.Debug|Any CPU.ActiveCfg = Debug|Any CPU
		{0CBB00DC-5C65-4FE1-A974-95F4E517B737}.Debug|Any CPU.Build.0 = Debug|Any CPU
		{0CBB00DC-5C65-4FE1-A974-95F4E517B737}.Release|Any CPU.ActiveCfg = Release|Any CPU
		{0CBB00DC-5C65-4FE1-A974-95F4E517B737}.Release|Any CPU.Build.0 = Release|Any CPU
		{BDD43EC5-C782-4170-8B0F-DF1A1D77C958}.Debug|Any CPU.ActiveCfg = Debug|Any CPU
		{BDD43EC5-C782-4170-8B0F-DF1A1D77C958}.Debug|Any CPU.Build.0 = Debug|Any CPU
		{BDD43EC5-C782-4170-8B0F-DF1A1D77C958}.Release|Any CPU.ActiveCfg = Release|Any CPU
		{BDD43EC5-C782-4170-8B0F-DF1A1D77C958}.Release|Any CPU.Build.0 = Release|Any CPU
		{EF6B16B9-6A03-4F56-8F36-790E8AB69D46}.Debug|Any CPU.ActiveCfg = Debug|Any CPU
		{EF6B16B9-6A03-4F56-8F36-790E8AB69D46}.Debug|Any CPU.Build.0 = Debug|Any CPU
		{EF6B16B9-6A03-4F56-8F36-790E8AB69D46}.Release|Any CPU.ActiveCfg = Release|Any CPU
		{EF6B16B9-6A03-4F56-8F36-790E8AB69D46}.Release|Any CPU.Build.0 = Release|Any CPU
	EndGlobalSection
	GlobalSection(SolutionProperties) = preSolution
		HideSolutionNode = FALSE
	EndGlobalSection
EndGlobal
